// !$*UTF8*$!
{
	archiveVersion = 1;
	classes = {
	};
	objectVersion = 46;
	objects = {

/* Begin PBXBuildFile section */
		8188849C1E7777F500EFDD0B /* AppDelegate.swift in Sources */ = {isa = PBXBuildFile; fileRef = 8188849B1E7777F500EFDD0B /* AppDelegate.swift */; };
		818884A31E7777F500EFDD0B /* Assets.xcassets in Resources */ = {isa = PBXBuildFile; fileRef = 818884A21E7777F500EFDD0B /* Assets.xcassets */; };
		818884A61E7777F500EFDD0B /* LaunchScreen.storyboard in Resources */ = {isa = PBXBuildFile; fileRef = 818884A41E7777F500EFDD0B /* LaunchScreen.storyboard */; };
		818884B11E7777F600EFDD0B /* AVFoundationAppTests.swift in Sources */ = {isa = PBXBuildFile; fileRef = 818884B01E7777F600EFDD0B /* AVFoundationAppTests.swift */; };
		818884BC1E7777F600EFDD0B /* AVFoundationAppUITests.swift in Sources */ = {isa = PBXBuildFile; fileRef = 818884BB1E7777F600EFDD0B /* AVFoundationAppUITests.swift */; };
		818884CF1E7779C900EFDD0B /* AudioViewController.swift in Sources */ = {isa = PBXBuildFile; fileRef = 818884CE1E7779C900EFDD0B /* AudioViewController.swift */; };
		818884D11E7779DC00EFDD0B /* ExportViewController.swift in Sources */ = {isa = PBXBuildFile; fileRef = 818884D01E7779DC00EFDD0B /* ExportViewController.swift */; };
		818884D31E7779EC00EFDD0B /* MediaCollectionViewController.swift in Sources */ = {isa = PBXBuildFile; fileRef = 818884D21E7779EC00EFDD0B /* MediaCollectionViewController.swift */; };
		818884D91E7779F900EFDD0B /* MenuTableViewController.swift in Sources */ = {isa = PBXBuildFile; fileRef = 818884D41E7779F900EFDD0B /* MenuTableViewController.swift */; };
		818884DA1E7779F900EFDD0B /* PhotoManager.swift in Sources */ = {isa = PBXBuildFile; fileRef = 818884D51E7779F900EFDD0B /* PhotoManager.swift */; };
		818884DB1E7779F900EFDD0B /* PlayerView.swift in Sources */ = {isa = PBXBuildFile; fileRef = 818884D61E7779F900EFDD0B /* PlayerView.swift */; };
		818884DC1E7779F900EFDD0B /* VideoPreviewViewController.swift in Sources */ = {isa = PBXBuildFile; fileRef = 818884D71E7779F900EFDD0B /* VideoPreviewViewController.swift */; };
		818884DD1E7779F900EFDD0B /* VideoViewController.swift in Sources */ = {isa = PBXBuildFile; fileRef = 818884D81E7779F900EFDD0B /* VideoViewController.swift */; };
		818884DF1E777A0200EFDD0B /* Main.storyboard in Resources */ = {isa = PBXBuildFile; fileRef = 818884DE1E777A0200EFDD0B /* Main.storyboard */; };
		818884E11E777CAF00EFDD0B /* backgroundImage.png in Resources */ = {isa = PBXBuildFile; fileRef = 818884E01E777CAF00EFDD0B /* backgroundImage.png */; };
		818884E31E77816300EFDD0B /* audioIcon.jpeg in Resources */ = {isa = PBXBuildFile; fileRef = 818884E21E77816300EFDD0B /* audioIcon.jpeg */; };
		818884E51E7781CE00EFDD0B /* videoIcon4.jpeg in Resources */ = {isa = PBXBuildFile; fileRef = 818884E41E7781CE00EFDD0B /* videoIcon4.jpeg */; };
/* End PBXBuildFile section */

/* Begin PBXContainerItemProxy section */
		818884AD1E7777F600EFDD0B /* PBXContainerItemProxy */ = {
			isa = PBXContainerItemProxy;
			containerPortal = 818884901E7777F500EFDD0B /* Project object */;
			proxyType = 1;
			remoteGlobalIDString = 818884971E7777F500EFDD0B;
			remoteInfo = AVFoundationApp;
		};
		818884B81E7777F600EFDD0B /* PBXContainerItemProxy */ = {
			isa = PBXContainerItemProxy;
			containerPortal = 818884901E7777F500EFDD0B /* Project object */;
			proxyType = 1;
			remoteGlobalIDString = 818884971E7777F500EFDD0B;
			remoteInfo = AVFoundationApp;
		};
/* End PBXContainerItemProxy section */

/* Begin PBXFileReference section */
		818884981E7777F500EFDD0B /* AVFoundationApp.app */ = {isa = PBXFileReference; explicitFileType = wrapper.application; includeInIndex = 0; path = AVFoundationApp.app; sourceTree = BUILT_PRODUCTS_DIR; };
		8188849B1E7777F500EFDD0B /* AppDelegate.swift */ = {isa = PBXFileReference; lastKnownFileType = sourcecode.swift; name = AppDelegate.swift; path = AVFoundationApp/AppDelegate.swift; sourceTree = "<group>"; };
		818884A21E7777F500EFDD0B /* Assets.xcassets */ = {isa = PBXFileReference; lastKnownFileType = folder.assetcatalog; name = Assets.xcassets; path = AVFoundationApp/Assets.xcassets; sourceTree = "<group>"; };
		818884A51E7777F500EFDD0B /* Base */ = {isa = PBXFileReference; lastKnownFileType = file.storyboard; name = Base; path = Base.lproj/LaunchScreen.storyboard; sourceTree = "<group>"; };
		818884A71E7777F600EFDD0B /* Info.plist */ = {isa = PBXFileReference; lastKnownFileType = text.plist.xml; path = Info.plist; sourceTree = "<group>"; };
		818884AC1E7777F600EFDD0B /* AVFoundationAppTests.xctest */ = {isa = PBXFileReference; explicitFileType = wrapper.cfbundle; includeInIndex = 0; path = AVFoundationAppTests.xctest; sourceTree = BUILT_PRODUCTS_DIR; };
		818884B01E7777F600EFDD0B /* AVFoundationAppTests.swift */ = {isa = PBXFileReference; lastKnownFileType = sourcecode.swift; path = AVFoundationAppTests.swift; sourceTree = "<group>"; };
		818884B21E7777F600EFDD0B /* Info.plist */ = {isa = PBXFileReference; lastKnownFileType = text.plist.xml; path = Info.plist; sourceTree = "<group>"; };
		818884B71E7777F600EFDD0B /* AVFoundationAppUITests.xctest */ = {isa = PBXFileReference; explicitFileType = wrapper.cfbundle; includeInIndex = 0; path = AVFoundationAppUITests.xctest; sourceTree = BUILT_PRODUCTS_DIR; };
		818884BB1E7777F600EFDD0B /* AVFoundationAppUITests.swift */ = {isa = PBXFileReference; lastKnownFileType = sourcecode.swift; path = AVFoundationAppUITests.swift; sourceTree = "<group>"; };
		818884BD1E7777F600EFDD0B /* Info.plist */ = {isa = PBXFileReference; lastKnownFileType = text.plist.xml; path = Info.plist; sourceTree = "<group>"; };
		818884CE1E7779C900EFDD0B /* AudioViewController.swift */ = {isa = PBXFileReference; fileEncoding = 4; lastKnownFileType = sourcecode.swift; path = AudioViewController.swift; sourceTree = "<group>"; };
		818884D01E7779DC00EFDD0B /* ExportViewController.swift */ = {isa = PBXFileReference; fileEncoding = 4; lastKnownFileType = sourcecode.swift; path = ExportViewController.swift; sourceTree = "<group>"; };
		818884D21E7779EC00EFDD0B /* MediaCollectionViewController.swift */ = {isa = PBXFileReference; fileEncoding = 4; lastKnownFileType = sourcecode.swift; path = MediaCollectionViewController.swift; sourceTree = "<group>"; };
		818884D41E7779F900EFDD0B /* MenuTableViewController.swift */ = {isa = PBXFileReference; fileEncoding = 4; lastKnownFileType = sourcecode.swift; path = MenuTableViewController.swift; sourceTree = "<group>"; };
		818884D51E7779F900EFDD0B /* PhotoManager.swift */ = {isa = PBXFileReference; fileEncoding = 4; lastKnownFileType = sourcecode.swift; path = PhotoManager.swift; sourceTree = "<group>"; };
		818884D61E7779F900EFDD0B /* PlayerView.swift */ = {isa = PBXFileReference; fileEncoding = 4; lastKnownFileType = sourcecode.swift; path = PlayerView.swift; sourceTree = "<group>"; };
		818884D71E7779F900EFDD0B /* VideoPreviewViewController.swift */ = {isa = PBXFileReference; fileEncoding = 4; lastKnownFileType = sourcecode.swift; path = VideoPreviewViewController.swift; sourceTree = "<group>"; };
		818884D81E7779F900EFDD0B /* VideoViewController.swift */ = {isa = PBXFileReference; fileEncoding = 4; lastKnownFileType = sourcecode.swift; path = VideoViewController.swift; sourceTree = "<group>"; };
		818884DE1E777A0200EFDD0B /* Main.storyboard */ = {isa = PBXFileReference; fileEncoding = 4; lastKnownFileType = file.storyboard; path = Main.storyboard; sourceTree = "<group>"; };
		818884E01E777CAF00EFDD0B /* backgroundImage.png */ = {isa = PBXFileReference; lastKnownFileType = image.png; path = backgroundImage.png; sourceTree = "<group>"; };
		818884E21E77816300EFDD0B /* audioIcon.jpeg */ = {isa = PBXFileReference; lastKnownFileType = image.jpeg; path = audioIcon.jpeg; sourceTree = "<group>"; };
		818884E41E7781CE00EFDD0B /* videoIcon4.jpeg */ = {isa = PBXFileReference; lastKnownFileType = image.jpeg; path = videoIcon4.jpeg; sourceTree = "<group>"; };
/* End PBXFileReference section */

/* Begin PBXFrameworksBuildPhase section */
		818884951E7777F500EFDD0B /* Frameworks */ = {
			isa = PBXFrameworksBuildPhase;
			buildActionMask = 2147483647;
			files = (
			);
			runOnlyForDeploymentPostprocessing = 0;
		};
		818884A91E7777F600EFDD0B /* Frameworks */ = {
			isa = PBXFrameworksBuildPhase;
			buildActionMask = 2147483647;
			files = (
			);
			runOnlyForDeploymentPostprocessing = 0;
		};
		818884B41E7777F600EFDD0B /* Frameworks */ = {
			isa = PBXFrameworksBuildPhase;
			buildActionMask = 2147483647;
			files = (
			);
			runOnlyForDeploymentPostprocessing = 0;
		};
/* End PBXFrameworksBuildPhase section */

/* Begin PBXGroup section */
		8188848F1E7777F500EFDD0B = {
			isa = PBXGroup;
			children = (
				8188849B1E7777F500EFDD0B /* AppDelegate.swift */,
				8188849A1E7777F500EFDD0B /* AVFoundationApp */,
				818884AF1E7777F600EFDD0B /* AVFoundationAppTests */,
				818884BA1E7777F600EFDD0B /* AVFoundationAppUITests */,
				818884991E7777F500EFDD0B /* Products */,
				818884A21E7777F500EFDD0B /* Assets.xcassets */,
				818884E01E777CAF00EFDD0B /* backgroundImage.png */,
				818884E21E77816300EFDD0B /* audioIcon.jpeg */,
				818884E41E7781CE00EFDD0B /* videoIcon4.jpeg */,
			);
			sourceTree = "<group>";
		};
		818884991E7777F500EFDD0B /* Products */ = {
			isa = PBXGroup;
			children = (
				818884981E7777F500EFDD0B /* AVFoundationApp.app */,
				818884AC1E7777F600EFDD0B /* AVFoundationAppTests.xctest */,
				818884B71E7777F600EFDD0B /* AVFoundationAppUITests.xctest */,
			);
			name = Products;
			sourceTree = "<group>";
		};
		8188849A1E7777F500EFDD0B /* AVFoundationApp */ = {
			isa = PBXGroup;
			children = (
				818884C91E7777FC00EFDD0B /* CONTROLLER */,
				818884CA1E77780700EFDD0B /* VIEW */,
				818884CB1E77780E00EFDD0B /* DATA */,
			);
			path = AVFoundationApp;
			sourceTree = "<group>";
		};
		818884AF1E7777F600EFDD0B /* AVFoundationAppTests */ = {
			isa = PBXGroup;
			children = (
				818884B01E7777F600EFDD0B /* AVFoundationAppTests.swift */,
				818884B21E7777F600EFDD0B /* Info.plist */,
			);
			path = AVFoundationAppTests;
			sourceTree = "<group>";
		};
		818884BA1E7777F600EFDD0B /* AVFoundationAppUITests */ = {
			isa = PBXGroup;
			children = (
				818884BB1E7777F600EFDD0B /* AVFoundationAppUITests.swift */,
				818884BD1E7777F600EFDD0B /* Info.plist */,
			);
			path = AVFoundationAppUITests;
			sourceTree = "<group>";
		};
		818884C91E7777FC00EFDD0B /* CONTROLLER */ = {
			isa = PBXGroup;
			children = (
				818884D41E7779F900EFDD0B /* MenuTableViewController.swift */,
				818884CE1E7779C900EFDD0B /* AudioViewController.swift */,
				818884D01E7779DC00EFDD0B /* ExportViewController.swift */,
				818884D21E7779EC00EFDD0B /* MediaCollectionViewController.swift */,
				818884D51E7779F900EFDD0B /* PhotoManager.swift */,
				818884D61E7779F900EFDD0B /* PlayerView.swift */,
				818884D71E7779F900EFDD0B /* VideoPreviewViewController.swift */,
				818884D81E7779F900EFDD0B /* VideoViewController.swift */,
			);
			name = CONTROLLER;
			sourceTree = "<group>";
		};
		818884CA1E77780700EFDD0B /* VIEW */ = {
			isa = PBXGroup;
			children = (
				818884DE1E777A0200EFDD0B /* Main.storyboard */,
				818884A41E7777F500EFDD0B /* LaunchScreen.storyboard */,
			);
			name = VIEW;
			sourceTree = "<group>";
		};
		818884CB1E77780E00EFDD0B /* DATA */ = {
			isa = PBXGroup;
			children = (
				818884A71E7777F600EFDD0B /* Info.plist */,
			);
			name = DATA;
			sourceTree = "<group>";
		};
/* End PBXGroup section */

/* Begin PBXNativeTarget section */
		818884971E7777F500EFDD0B /* AVFoundationApp */ = {
			isa = PBXNativeTarget;
			buildConfigurationList = 818884C01E7777F600EFDD0B /* Build configuration list for PBXNativeTarget "AVFoundationApp" */;
			buildPhases = (
				818884941E7777F500EFDD0B /* Sources */,
				818884951E7777F500EFDD0B /* Frameworks */,
				818884961E7777F500EFDD0B /* Resources */,
			);
			buildRules = (
			);
			dependencies = (
			);
			name = AVFoundationApp;
			productName = AVFoundationApp;
			productReference = 818884981E7777F500EFDD0B /* AVFoundationApp.app */;
			productType = "com.apple.product-type.application";
		};
		818884AB1E7777F600EFDD0B /* AVFoundationAppTests */ = {
			isa = PBXNativeTarget;
			buildConfigurationList = 818884C31E7777F600EFDD0B /* Build configuration list for PBXNativeTarget "AVFoundationAppTests" */;
			buildPhases = (
				818884A81E7777F600EFDD0B /* Sources */,
				818884A91E7777F600EFDD0B /* Frameworks */,
				818884AA1E7777F600EFDD0B /* Resources */,
			);
			buildRules = (
			);
			dependencies = (
				818884AE1E7777F600EFDD0B /* PBXTargetDependency */,
			);
			name = AVFoundationAppTests;
			productName = AVFoundationAppTests;
			productReference = 818884AC1E7777F600EFDD0B /* AVFoundationAppTests.xctest */;
			productType = "com.apple.product-type.bundle.unit-test";
		};
		818884B61E7777F600EFDD0B /* AVFoundationAppUITests */ = {
			isa = PBXNativeTarget;
			buildConfigurationList = 818884C61E7777F600EFDD0B /* Build configuration list for PBXNativeTarget "AVFoundationAppUITests" */;
			buildPhases = (
				818884B31E7777F600EFDD0B /* Sources */,
				818884B41E7777F600EFDD0B /* Frameworks */,
				818884B51E7777F600EFDD0B /* Resources */,
			);
			buildRules = (
			);
			dependencies = (
				818884B91E7777F600EFDD0B /* PBXTargetDependency */,
			);
			name = AVFoundationAppUITests;
			productName = AVFoundationAppUITests;
			productReference = 818884B71E7777F600EFDD0B /* AVFoundationAppUITests.xctest */;
			productType = "com.apple.product-type.bundle.ui-testing";
		};
/* End PBXNativeTarget section */

/* Begin PBXProject section */
		818884901E7777F500EFDD0B /* Project object */ = {
			isa = PBXProject;
			attributes = {
				LastSwiftUpdateCheck = 0830;
				LastUpgradeCheck = 0830;
				ORGANIZATIONNAME = "Fenix Designz";
				TargetAttributes = {
					818884971E7777F500EFDD0B = {
						CreatedOnToolsVersion = 8.3;
						DevelopmentTeam = LK662Y5U4K;
						ProvisioningStyle = Automatic;
					};
					818884AB1E7777F600EFDD0B = {
						CreatedOnToolsVersion = 8.3;
						DevelopmentTeam = LK662Y5U4K;
						ProvisioningStyle = Automatic;
						TestTargetID = 818884971E7777F500EFDD0B;
					};
					818884B61E7777F600EFDD0B = {
						CreatedOnToolsVersion = 8.3;
						DevelopmentTeam = LK662Y5U4K;
						ProvisioningStyle = Automatic;
						TestTargetID = 818884971E7777F500EFDD0B;
					};
				};
			};
			buildConfigurationList = 818884931E7777F500EFDD0B /* Build configuration list for PBXProject "AVFoundationApp" */;
			compatibilityVersion = "Xcode 3.2";
			developmentRegion = English;
			hasScannedForEncodings = 0;
			knownRegions = (
				en,
				Base,
			);
			mainGroup = 8188848F1E7777F500EFDD0B;
			productRefGroup = 818884991E7777F500EFDD0B /* Products */;
			projectDirPath = "";
			projectRoot = "";
			targets = (
				818884971E7777F500EFDD0B /* AVFoundationApp */,
				818884AB1E7777F600EFDD0B /* AVFoundationAppTests */,
				818884B61E7777F600EFDD0B /* AVFoundationAppUITests */,
			);
		};
/* End PBXProject section */

/* Begin PBXResourcesBuildPhase section */
		818884961E7777F500EFDD0B /* Resources */ = {
			isa = PBXResourcesBuildPhase;
			buildActionMask = 2147483647;
			files = (
				818884A61E7777F500EFDD0B /* LaunchScreen.storyboard in Resources */,
				818884E51E7781CE00EFDD0B /* videoIcon4.jpeg in Resources */,
				818884E11E777CAF00EFDD0B /* backgroundImage.png in Resources */,
				818884A31E7777F500EFDD0B /* Assets.xcassets in Resources */,
				818884E31E77816300EFDD0B /* audioIcon.jpeg in Resources */,
				818884DF1E777A0200EFDD0B /* Main.storyboard in Resources */,
			);
			runOnlyForDeploymentPostprocessing = 0;
		};
		818884AA1E7777F600EFDD0B /* Resources */ = {
			isa = PBXResourcesBuildPhase;
			buildActionMask = 2147483647;
			files = (
			);
			runOnlyForDeploymentPostprocessing = 0;
		};
		818884B51E7777F600EFDD0B /* Resources */ = {
			isa = PBXResourcesBuildPhase;
			buildActionMask = 2147483647;
			files = (
			);
			runOnlyForDeploymentPostprocessing = 0;
		};
/* End PBXResourcesBuildPhase section */

/* Begin PBXSourcesBuildPhase section */
		818884941E7777F500EFDD0B /* Sources */ = {
			isa = PBXSourcesBuildPhase;
			buildActionMask = 2147483647;
			files = (
				818884DC1E7779F900EFDD0B /* VideoPreviewViewController.swift in Sources */,
				8188849C1E7777F500EFDD0B /* AppDelegate.swift in Sources */,
				818884DA1E7779F900EFDD0B /* PhotoManager.swift in Sources */,
				818884DB1E7779F900EFDD0B /* PlayerView.swift in Sources */,
				818884D91E7779F900EFDD0B /* MenuTableViewController.swift in Sources */,
				818884D31E7779EC00EFDD0B /* MediaCollectionViewController.swift in Sources */,
				818884D11E7779DC00EFDD0B /* ExportViewController.swift in Sources */,
				818884DD1E7779F900EFDD0B /* VideoViewController.swift in Sources */,
				818884CF1E7779C900EFDD0B /* AudioViewController.swift in Sources */,
			);
			runOnlyForDeploymentPostprocessing = 0;
		};
		818884A81E7777F600EFDD0B /* Sources */ = {
			isa = PBXSourcesBuildPhase;
			buildActionMask = 2147483647;
			files = (
				818884B11E7777F600EFDD0B /* AVFoundationAppTests.swift in Sources */,
			);
			runOnlyForDeploymentPostprocessing = 0;
		};
		818884B31E7777F600EFDD0B /* Sources */ = {
			isa = PBXSourcesBuildPhase;
			buildActionMask = 2147483647;
			files = (
				818884BC1E7777F600EFDD0B /* AVFoundationAppUITests.swift in Sources */,
			);
			runOnlyForDeploymentPostprocessing = 0;
		};
/* End PBXSourcesBuildPhase section */

/* Begin PBXTargetDependency section */
		818884AE1E7777F600EFDD0B /* PBXTargetDependency */ = {
			isa = PBXTargetDependency;
			target = 818884971E7777F500EFDD0B /* AVFoundationApp */;
			targetProxy = 818884AD1E7777F600EFDD0B /* PBXContainerItemProxy */;
		};
		818884B91E7777F600EFDD0B /* PBXTargetDependency */ = {
			isa = PBXTargetDependency;
			target = 818884971E7777F500EFDD0B /* AVFoundationApp */;
			targetProxy = 818884B81E7777F600EFDD0B /* PBXContainerItemProxy */;
		};
/* End PBXTargetDependency section */

/* Begin PBXVariantGroup section */
		818884A41E7777F500EFDD0B /* LaunchScreen.storyboard */ = {
			isa = PBXVariantGroup;
			children = (
				818884A51E7777F500EFDD0B /* Base */,
			);
			name = LaunchScreen.storyboard;
			sourceTree = "<group>";
		};
/* End PBXVariantGroup section */

/* Begin XCBuildConfiguration section */
		818884BE1E7777F600EFDD0B /* Debug */ = {
			isa = XCBuildConfiguration;
			buildSettings = {
				ALWAYS_SEARCH_USER_PATHS = NO;
				CLANG_ANALYZER_NONNULL = YES;
				CLANG_ANALYZER_NUMBER_OBJECT_CONVERSION = YES_AGGRESSIVE;
				CLANG_CXX_LANGUAGE_STANDARD = "gnu++0x";
				CLANG_CXX_LIBRARY = "libc++";
				CLANG_ENABLE_MODULES = YES;
				CLANG_ENABLE_OBJC_ARC = YES;
				CLANG_WARN_BOOL_CONVERSION = YES;
				CLANG_WARN_CONSTANT_CONVERSION = YES;
				CLANG_WARN_DIRECT_OBJC_ISA_USAGE = YES_ERROR;
				CLANG_WARN_DOCUMENTATION_COMMENTS = YES;
				CLANG_WARN_EMPTY_BODY = YES;
				CLANG_WARN_ENUM_CONVERSION = YES;
				CLANG_WARN_INFINITE_RECURSION = YES;
				CLANG_WARN_INT_CONVERSION = YES;
				CLANG_WARN_OBJC_ROOT_CLASS = YES_ERROR;
				CLANG_WARN_SUSPICIOUS_MOVE = YES;
				CLANG_WARN_UNREACHABLE_CODE = YES;
				CLANG_WARN__DUPLICATE_METHOD_MATCH = YES;
				"CODE_SIGN_IDENTITY[sdk=iphoneos*]" = "iPhone Developer";
				COPY_PHASE_STRIP = NO;
				DEBUG_INFORMATION_FORMAT = dwarf;
				ENABLE_STRICT_OBJC_MSGSEND = YES;
				ENABLE_TESTABILITY = YES;
				GCC_C_LANGUAGE_STANDARD = gnu99;
				GCC_DYNAMIC_NO_PIC = NO;
				GCC_NO_COMMON_BLOCKS = YES;
				GCC_OPTIMIZATION_LEVEL = 0;
				GCC_PREPROCESSOR_DEFINITIONS = (
					"DEBUG=1",
					"$(inherited)",
				);
				GCC_WARN_64_TO_32_BIT_CONVERSION = YES;
				GCC_WARN_ABOUT_RETURN_TYPE = YES_ERROR;
				GCC_WARN_UNDECLARED_SELECTOR = YES;
				GCC_WARN_UNINITIALIZED_AUTOS = YES_AGGRESSIVE;
				GCC_WARN_UNUSED_FUNCTION = YES;
				GCC_WARN_UNUSED_VARIABLE = YES;
				IPHONEOS_DEPLOYMENT_TARGET = 10.2;
				MTL_ENABLE_DEBUG_INFO = YES;
				ONLY_ACTIVE_ARCH = YES;
				SDKROOT = iphoneos;
				SWIFT_ACTIVE_COMPILATION_CONDITIONS = DEBUG;
				SWIFT_OPTIMIZATION_LEVEL = "-Onone";
				TARGETED_DEVICE_FAMILY = "1,2";
			};
			name = Debug;
		};
		818884BF1E7777F600EFDD0B /* Release */ = {
			isa = XCBuildConfiguration;
			buildSettings = {
				ALWAYS_SEARCH_USER_PATHS = NO;
				CLANG_ANALYZER_NONNULL = YES;
				CLANG_ANALYZER_NUMBER_OBJECT_CONVERSION = YES_AGGRESSIVE;
				CLANG_CXX_LANGUAGE_STANDARD = "gnu++0x";
				CLANG_CXX_LIBRARY = "libc++";
				CLANG_ENABLE_MODULES = YES;
				CLANG_ENABLE_OBJC_ARC = YES;
				CLANG_WARN_BOOL_CONVERSION = YES;
				CLANG_WARN_CONSTANT_CONVERSION = YES;
				CLANG_WARN_DIRECT_OBJC_ISA_USAGE = YES_ERROR;
				CLANG_WARN_DOCUMENTATION_COMMENTS = YES;
				CLANG_WARN_EMPTY_BODY = YES;
				CLANG_WARN_ENUM_CONVERSION = YES;
				CLANG_WARN_INFINITE_RECURSION = YES;
				CLANG_WARN_INT_CONVERSION = YES;
				CLANG_WARN_OBJC_ROOT_CLASS = YES_ERROR;
				CLANG_WARN_SUSPICIOUS_MOVE = YES;
				CLANG_WARN_UNREACHABLE_CODE = YES;
				CLANG_WARN__DUPLICATE_METHOD_MATCH = YES;
				"CODE_SIGN_IDENTITY[sdk=iphoneos*]" = "iPhone Developer";
				COPY_PHASE_STRIP = NO;
				DEBUG_INFORMATION_FORMAT = "dwarf-with-dsym";
				ENABLE_NS_ASSERTIONS = NO;
				ENABLE_STRICT_OBJC_MSGSEND = YES;
				GCC_C_LANGUAGE_STANDARD = gnu99;
				GCC_NO_COMMON_BLOCKS = YES;
				GCC_WARN_64_TO_32_BIT_CONVERSION = YES;
				GCC_WARN_ABOUT_RETURN_TYPE = YES_ERROR;
				GCC_WARN_UNDECLARED_SELECTOR = YES;
				GCC_WARN_UNINITIALIZED_AUTOS = YES_AGGRESSIVE;
				GCC_WARN_UNUSED_FUNCTION = YES;
				GCC_WARN_UNUSED_VARIABLE = YES;
				IPHONEOS_DEPLOYMENT_TARGET = 10.2;
				MTL_ENABLE_DEBUG_INFO = NO;
				SDKROOT = iphoneos;
				SWIFT_OPTIMIZATION_LEVEL = "-Owholemodule";
				TARGETED_DEVICE_FAMILY = "1,2";
				VALIDATE_PRODUCT = YES;
			};
			name = Release;
		};
		818884C11E7777F600EFDD0B /* Debug */ = {
			isa = XCBuildConfiguration;
			buildSettings = {
				ASSETCATALOG_COMPILER_APPICON_NAME = AppIcon;
				DEVELOPMENT_TEAM = LK662Y5U4K;
				INFOPLIST_FILE = AVFoundationApp/Info.plist;
				LD_RUNPATH_SEARCH_PATHS = "$(inherited) @executable_path/Frameworks";
				PRODUCT_BUNDLE_IDENTIFIER = com.FenixDesignz.AVFoundationApp;
				PRODUCT_NAME = "$(TARGET_NAME)";
				SWIFT_VERSION = 3.0;
			};
			name = Debug;
		};
		818884C21E7777F600EFDD0B /* Release */ = {
			isa = XCBuildConfiguration;
			buildSettings = {
				ASSETCATALOG_COMPILER_APPICON_NAME = AppIcon;
				DEVELOPMENT_TEAM = LK662Y5U4K;
				INFOPLIST_FILE = AVFoundationApp/Info.plist;
				LD_RUNPATH_SEARCH_PATHS = "$(inherited) @executable_path/Frameworks";
				PRODUCT_BUNDLE_IDENTIFIER = com.FenixDesignz.AVFoundationApp;
				PRODUCT_NAME = "$(TARGET_NAME)";
				SWIFT_VERSION = 3.0;
			};
			name = Release;
		};
		818884C41E7777F600EFDD0B /* Debug */ = {
			isa = XCBuildConfiguration;
			buildSettings = {
				ALWAYS_EMBED_SWIFT_STANDARD_LIBRARIES = YES;
				BUNDLE_LOADER = "$(TEST_HOST)";
				DEVELOPMENT_TEAM = LK662Y5U4K;
				INFOPLIST_FILE = AVFoundationAppTests/Info.plist;
				LD_RUNPATH_SEARCH_PATHS = "$(inherited) @executable_path/Frameworks @loader_path/Frameworks";
				PRODUCT_BUNDLE_IDENTIFIER = com.FenixDesignz.AVFoundationAppTests;
				PRODUCT_NAME = "$(TARGET_NAME)";
				SWIFT_VERSION = 3.0;
				TEST_HOST = "$(BUILT_PRODUCTS_DIR)/AVFoundationApp.app/AVFoundationApp";
			};
			name = Debug;
		};
		818884C51E7777F600EFDD0B /* Release */ = {
			isa = XCBuildConfiguration;
			buildSettings = {
				ALWAYS_EMBED_SWIFT_STANDARD_LIBRARIES = YES;
				BUNDLE_LOADER = "$(TEST_HOST)";
				DEVELOPMENT_TEAM = LK662Y5U4K;
				INFOPLIST_FILE = AVFoundationAppTests/Info.plist;
				LD_RUNPATH_SEARCH_PATHS = "$(inherited) @executable_path/Frameworks @loader_path/Frameworks";
				PRODUCT_BUNDLE_IDENTIFIER = com.FenixDesignz.AVFoundationAppTests;
				PRODUCT_NAME = "$(TARGET_NAME)";
				SWIFT_VERSION = 3.0;
				TEST_HOST = "$(BUILT_PRODUCTS_DIR)/AVFoundationApp.app/AVFoundationApp";
			};
			name = Release;
		};
		818884C71E7777F600EFDD0B /* Debug */ = {
			isa = XCBuildConfiguration;
			buildSettings = {
				ALWAYS_EMBED_SWIFT_STANDARD_LIBRARIES = YES;
				DEVELOPMENT_TEAM = LK662Y5U4K;
				INFOPLIST_FILE = AVFoundationAppUITests/Info.plist;
				LD_RUNPATH_SEARCH_PATHS = "$(inherited) @executable_path/Frameworks @loader_path/Frameworks";
				PRODUCT_BUNDLE_IDENTIFIER = com.FenixDesignz.AVFoundationAppUITests;
				PRODUCT_NAME = "$(TARGET_NAME)";
				SWIFT_VERSION = 3.0;
				TEST_TARGET_NAME = AVFoundationApp;
			};
			name = Debug;
		};
		818884C81E7777F600EFDD0B /* Release */ = {
			isa = XCBuildConfiguration;
			buildSettings = {
				ALWAYS_EMBED_SWIFT_STANDARD_LIBRARIES = YES;
				DEVELOPMENT_TEAM = LK662Y5U4K;
				INFOPLIST_FILE = AVFoundationAppUITests/Info.plist;
				LD_RUNPATH_SEARCH_PATHS = "$(inherited) @executable_path/Frameworks @loader_path/Frameworks";
				PRODUCT_BUNDLE_IDENTIFIER = com.FenixDesignz.AVFoundationAppUITests;
				PRODUCT_NAME = "$(TARGET_NAME)";
				SWIFT_VERSION = 3.0;
				TEST_TARGET_NAME = AVFoundationApp;
			};
			name = Release;
		};
/* End XCBuildConfiguration section */

/* Begin XCConfigurationList section */
		818884931E7777F500EFDD0B /* Build configuration list for PBXProject "AVFoundationApp" */ = {
			isa = XCConfigurationList;
			buildConfigurations = (
				818884BE1E7777F600EFDD0B /* Debug */,
				818884BF1E7777F600EFDD0B /* Release */,
			);
			defaultConfigurationIsVisible = 0;
			defaultConfigurationName = Release;
		};
		818884C01E7777F600EFDD0B /* Build configuration list for PBXNativeTarget "AVFoundationApp" */ = {
			isa = XCConfigurationList;
			buildConfigurations = (
				818884C11E7777F600EFDD0B /* Debug */,
				818884C21E7777F600EFDD0B /* Release */,
			);
			defaultConfigurationIsVisible = 0;
		};
		818884C31E7777F600EFDD0B /* Build configuration list for PBXNativeTarget "AVFoundationAppTests" */ = {
			isa = XCConfigurationList;
			buildConfigurations = (
				818884C41E7777F600EFDD0B /* Debug */,
				818884C51E7777F600EFDD0B /* Release */,
			);
			defaultConfigurationIsVisible = 0;
		};
		818884C61E7777F600EFDD0B /* Build configuration list for PBXNativeTarget "AVFoundationAppUITests" */ = {
			isa = XCConfigurationList;
			buildConfigurations = (
				818884C71E7777F600EFDD0B /* Debug */,
				818884C81E7777F600EFDD0B /* Release */,
			);
			defaultConfigurationIsVisible = 0;
		};
/* End XCConfigurationList section */
	};
	rootObject = 818884901E7777F500EFDD0B /* Project object */;
}
